
Microsoft Visual Studio Solution File, Format Version 12.00
# Visual Studio 15
VisualStudioVersion = 15.0.26730.15
MinimumVisualStudioVersion = 10.0.40219.1
Project("{2150E333-8FDC-42A3-9474-1A3956D46DE8}") = "1. app", "1. app", "{85244E42-729E-47B2-8389-77DE853534C9}"
EndProject
Project("{2150E333-8FDC-42A3-9474-1A3956D46DE8}") = "2. shared", "2. shared", "{C28CC407-DF65-459F-94A9-31F459522E25}"
EndProject
Project("{FAE04EC0-301F-11D3-BF4B-00C04F79EFBC}") = "Xamarin.Start.Droid", "Xamarin.Start\Xamarin.Start.Android\Xamarin.Start.Droid.csproj", "{086C0637-9B58-4525-BEF8-F98ED853CDB9}"
EndProject
Project("{FAE04EC0-301F-11D3-BF4B-00C04F79EFBC}") = "Xamarin.Start.iOS", "Xamarin.Start\Xamarin.Start.iOS\Xamarin.Start.iOS.csproj", "{F7264AA2-EE0A-446E-8555-529BBC83572E}"
EndProject
Project("{9A19103F-16F7-4668-BE54-9A1E7A4F7556}") = "Xamarin.Start.Core", "Xamarin.Start.Core\Xamarin.Start.Core.csproj", "{16B3FBCE-6C9E-47A2-B2CD-020BFC83DA53}"
EndProject
Global
	GlobalSection(SolutionConfigurationPlatforms) = preSolution
		Ad-Hoc|Any CPU = Ad-Hoc|Any CPU
		Ad-Hoc|ARM = Ad-Hoc|ARM
		Ad-Hoc|iPhone = Ad-Hoc|iPhone
		Ad-Hoc|iPhoneSimulator = Ad-Hoc|iPhoneSimulator
		Ad-Hoc|x64 = Ad-Hoc|x64
		Ad-Hoc|x86 = Ad-Hoc|x86
		AppStore|Any CPU = AppStore|Any CPU
		AppStore|ARM = AppStore|ARM
		AppStore|iPhone = AppStore|iPhone
		AppStore|iPhoneSimulator = AppStore|iPhoneSimulator
		AppStore|x64 = AppStore|x64
		AppStore|x86 = AppStore|x86
		Debug|Any CPU = Debug|Any CPU
		Debug|ARM = Debug|ARM
		Debug|iPhone = Debug|iPhone
		Debug|iPhoneSimulator = Debug|iPhoneSimulator
		Debug|x64 = Debug|x64
		Debug|x86 = Debug|x86
		Release|Any CPU = Release|Any CPU
		Release|ARM = Release|ARM
		Release|iPhone = Release|iPhone
		Release|iPhoneSimulator = Release|iPhoneSimulator
		Release|x64 = Release|x64
		Release|x86 = Release|x86
	EndGlobalSection
	GlobalSection(ProjectConfigurationPlatforms) = postSolution
		{086C0637-9B58-4525-BEF8-F98ED853CDB9}.Ad-Hoc|Any CPU.ActiveCfg = Release|Any CPU
		{086C0637-9B58-4525-BEF8-F98ED853CDB9}.Ad-Hoc|Any CPU.Build.0 = Release|Any CPU
		{086C0637-9B58-4525-BEF8-F98ED853CDB9}.Ad-Hoc|Any CPU.Deploy.0 = Release|Any CPU
		{086C0637-9B58-4525-BEF8-F98ED853CDB9}.Ad-Hoc|ARM.ActiveCfg = Release|Any CPU
		{086C0637-9B58-4525-BEF8-F98ED853CDB9}.Ad-Hoc|ARM.Build.0 = Release|Any CPU
		{086C0637-9B58-4525-BEF8-F98ED853CDB9}.Ad-Hoc|ARM.Deploy.0 = Release|Any CPU
		{086C0637-9B58-4525-BEF8-F98ED853CDB9}.Ad-Hoc|iPhone.ActiveCfg = Release|Any CPU
		{086C0637-9B58-4525-BEF8-F98ED853CDB9}.Ad-Hoc|iPhone.Build.0 = Release|Any CPU
		{086C0637-9B58-4525-BEF8-F98ED853CDB9}.Ad-Hoc|iPhone.Deploy.0 = Release|Any CPU
		{086C0637-9B58-4525-BEF8-F98ED853CDB9}.Ad-Hoc|iPhoneSimulator.ActiveCfg = Release|Any CPU
		{086C0637-9B58-4525-BEF8-F98ED853CDB9}.Ad-Hoc|iPhoneSimulator.Build.0 = Release|Any CPU
		{086C0637-9B58-4525-BEF8-F98ED853CDB9}.Ad-Hoc|iPhoneSimulator.Deploy.0 = Release|Any CPU
		{086C0637-9B58-4525-BEF8-F98ED853CDB9}.Ad-Hoc|x64.ActiveCfg = Release|Any CPU
		{086C0637-9B58-4525-BEF8-F98ED853CDB9}.Ad-Hoc|x64.Build.0 = Release|Any CPU
		{086C0637-9B58-4525-BEF8-F98ED853CDB9}.Ad-Hoc|x64.Deploy.0 = Release|Any CPU
		{086C0637-9B58-4525-BEF8-F98ED853CDB9}.Ad-Hoc|x86.ActiveCfg = Release|Any CPU
		{086C0637-9B58-4525-BEF8-F98ED853CDB9}.Ad-Hoc|x86.Build.0 = Release|Any CPU
		{086C0637-9B58-4525-BEF8-F98ED853CDB9}.Ad-Hoc|x86.Deploy.0 = Release|Any CPU
		{086C0637-9B58-4525-BEF8-F98ED853CDB9}.AppStore|Any CPU.ActiveCfg = Release|Any CPU
		{086C0637-9B58-4525-BEF8-F98ED853CDB9}.AppStore|Any CPU.Build.0 = Release|Any CPU
		{086C0637-9B58-4525-BEF8-F98ED853CDB9}.AppStore|Any CPU.Deploy.0 = Release|Any CPU
		{086C0637-9B58-4525-BEF8-F98ED853CDB9}.AppStore|ARM.ActiveCfg = Release|Any CPU
		{086C0637-9B58-4525-BEF8-F98ED853CDB9}.AppStore|ARM.Build.0 = Release|Any CPU
		{086C0637-9B58-4525-BEF8-F98ED853CDB9}.AppStore|ARM.Deploy.0 = Release|Any CPU
		{086C0637-9B58-4525-BEF8-F98ED853CDB9}.AppStore|iPhone.ActiveCfg = Release|Any CPU
		{086C0637-9B58-4525-BEF8-F98ED853CDB9}.AppStore|iPhone.Build.0 = Release|Any CPU
		{086C0637-9B58-4525-BEF8-F98ED853CDB9}.AppStore|iPhone.Deploy.0 = Release|Any CPU
		{086C0637-9B58-4525-BEF8-F98ED853CDB9}.AppStore|iPhoneSimulator.ActiveCfg = Release|Any CPU
		{086C0637-9B58-4525-BEF8-F98ED853CDB9}.AppStore|iPhoneSimulator.Build.0 = Release|Any CPU
		{086C0637-9B58-4525-BEF8-F98ED853CDB9}.AppStore|iPhoneSimulator.Deploy.0 = Release|Any CPU
		{086C0637-9B58-4525-BEF8-F98ED853CDB9}.AppStore|x64.ActiveCfg = Release|Any CPU
		{086C0637-9B58-4525-BEF8-F98ED853CDB9}.AppStore|x64.Build.0 = Release|Any CPU
		{086C0637-9B58-4525-BEF8-F98ED853CDB9}.AppStore|x64.Deploy.0 = Release|Any CPU
		{086C0637-9B58-4525-BEF8-F98ED853CDB9}.AppStore|x86.ActiveCfg = Release|Any CPU
		{086C0637-9B58-4525-BEF8-F98ED853CDB9}.AppStore|x86.Build.0 = Release|Any CPU
		{086C0637-9B58-4525-BEF8-F98ED853CDB9}.AppStore|x86.Deploy.0 = Release|Any CPU
		{086C0637-9B58-4525-BEF8-F98ED853CDB9}.Debug|Any CPU.ActiveCfg = Debug|Any CPU
		{086C0637-9B58-4525-BEF8-F98ED853CDB9}.Debug|Any CPU.Build.0 = Debug|Any CPU
		{086C0637-9B58-4525-BEF8-F98ED853CDB9}.Debug|Any CPU.Deploy.0 = Debug|Any CPU
		{086C0637-9B58-4525-BEF8-F98ED853CDB9}.Debug|ARM.ActiveCfg = Debug|Any CPU
		{086C0637-9B58-4525-BEF8-F98ED853CDB9}.Debug|ARM.Build.0 = Debug|Any CPU
		{086C0637-9B58-4525-BEF8-F98ED853CDB9}.Debug|ARM.Deploy.0 = Debug|Any CPU
		{086C0637-9B58-4525-BEF8-F98ED853CDB9}.Debug|iPhone.ActiveCfg = Debug|Any CPU
		{086C0637-9B58-4525-BEF8-F98ED853CDB9}.Debug|iPhone.Build.0 = Debug|Any CPU
		{086C0637-9B58-4525-BEF8-F98ED853CDB9}.Debug|iPhone.Deploy.0 = Debug|Any CPU
		{086C0637-9B58-4525-BEF8-F98ED853CDB9}.Debug|iPhoneSimulator.ActiveCfg = Debug|Any CPU
		{086C0637-9B58-4525-BEF8-F98ED853CDB9}.Debug|iPhoneSimulator.Build.0 = Debug|Any CPU
		{086C0637-9B58-4525-BEF8-F98ED853CDB9}.Debug|iPhoneSimulator.Deploy.0 = Debug|Any CPU
		{086C0637-9B58-4525-BEF8-F98ED853CDB9}.Debug|x64.ActiveCfg = Debug|Any CPU
		{086C0637-9B58-4525-BEF8-F98ED853CDB9}.Debug|x64.Build.0 = Debug|Any CPU
		{086C0637-9B58-4525-BEF8-F98ED853CDB9}.Debug|x64.Deploy.0 = Debug|Any CPU
		{086C0637-9B58-4525-BEF8-F98ED853CDB9}.Debug|x86.ActiveCfg = Debug|Any CPU
		{086C0637-9B58-4525-BEF8-F98ED853CDB9}.Debug|x86.Build.0 = Debug|Any CPU
		{086C0637-9B58-4525-BEF8-F98ED853CDB9}.Debug|x86.Deploy.0 = Debug|Any CPU
		{086C0637-9B58-4525-BEF8-F98ED853CDB9}.Release|Any CPU.ActiveCfg = Release|Any CPU
		{086C0637-9B58-4525-BEF8-F98ED853CDB9}.Release|Any CPU.Build.0 = Release|Any CPU
		{086C0637-9B58-4525-BEF8-F98ED853CDB9}.Release|Any CPU.Deploy.0 = Release|Any CPU
		{086C0637-9B58-4525-BEF8-F98ED853CDB9}.Release|ARM.ActiveCfg = Release|Any CPU
		{086C0637-9B58-4525-BEF8-F98ED853CDB9}.Release|ARM.Build.0 = Release|Any CPU
		{086C0637-9B58-4525-BEF8-F98ED853CDB9}.Release|ARM.Deploy.0 = Release|Any CPU
		{086C0637-9B58-4525-BEF8-F98ED853CDB9}.Release|iPhone.ActiveCfg = Release|Any CPU
		{086C0637-9B58-4525-BEF8-F98ED853CDB9}.Release|iPhone.Build.0 = Release|Any CPU
		{086C0637-9B58-4525-BEF8-F98ED853CDB9}.Release|iPhone.Deploy.0 = Release|Any CPU
		{086C0637-9B58-4525-BEF8-F98ED853CDB9}.Release|iPhoneSimulator.ActiveCfg = Release|Any CPU
		{086C0637-9B58-4525-BEF8-F98ED853CDB9}.Release|iPhoneSimulator.Build.0 = Release|Any CPU
		{086C0637-9B58-4525-BEF8-F98ED853CDB9}.Release|iPhoneSimulator.Deploy.0 = Release|Any CPU
		{086C0637-9B58-4525-BEF8-F98ED853CDB9}.Release|x64.ActiveCfg = Release|Any CPU
		{086C0637-9B58-4525-BEF8-F98ED853CDB9}.Release|x64.Build.0 = Release|Any CPU
		{086C0637-9B58-4525-BEF8-F98ED853CDB9}.Release|x64.Deploy.0 = Release|Any CPU
		{086C0637-9B58-4525-BEF8-F98ED853CDB9}.Release|x86.ActiveCfg = Release|Any CPU
		{086C0637-9B58-4525-BEF8-F98ED853CDB9}.Release|x86.Build.0 = Release|Any CPU
		{086C0637-9B58-4525-BEF8-F98ED853CDB9}.Release|x86.Deploy.0 = Release|Any CPU
		{F7264AA2-EE0A-446E-8555-529BBC83572E}.Ad-Hoc|Any CPU.ActiveCfg = Ad-Hoc|iPhone
		{F7264AA2-EE0A-446E-8555-529BBC83572E}.Ad-Hoc|ARM.ActiveCfg = Ad-Hoc|iPhone
		{F7264AA2-EE0A-446E-8555-529BBC83572E}.Ad-Hoc|iPhone.ActiveCfg = Ad-Hoc|iPhone
		{F7264AA2-EE0A-446E-8555-529BBC83572E}.Ad-Hoc|iPhone.Build.0 = Ad-Hoc|iPhone
		{F7264AA2-EE0A-446E-8555-529BBC83572E}.Ad-Hoc|iPhoneSimulator.ActiveCfg = Ad-Hoc|iPhoneSimulator
		{F7264AA2-EE0A-446E-8555-529BBC83572E}.Ad-Hoc|iPhoneSimulator.Build.0 = Ad-Hoc|iPhoneSimulator
		{F7264AA2-EE0A-446E-8555-529BBC83572E}.Ad-Hoc|x64.ActiveCfg = Ad-Hoc|iPhone
		{F7264AA2-EE0A-446E-8555-529BBC83572E}.Ad-Hoc|x86.ActiveCfg = Ad-Hoc|iPhone
		{F7264AA2-EE0A-446E-8555-529BBC83572E}.AppStore|Any CPU.ActiveCfg = AppStore|iPhone
		{F7264AA2-EE0A-446E-8555-529BBC83572E}.AppStore|ARM.ActiveCfg = AppStore|iPhone
		{F7264AA2-EE0A-446E-8555-529BBC83572E}.AppStore|iPhone.ActiveCfg = AppStore|iPhone
		{F7264AA2-EE0A-446E-8555-529BBC83572E}.AppStore|iPhone.Build.0 = AppStore|iPhone
		{F7264AA2-EE0A-446E-8555-529BBC83572E}.AppStore|iPhoneSimulator.ActiveCfg = AppStore|iPhoneSimulator
		{F7264AA2-EE0A-446E-8555-529BBC83572E}.AppStore|iPhoneSimulator.Build.0 = AppStore|iPhoneSimulator
		{F7264AA2-EE0A-446E-8555-529BBC83572E}.AppStore|x64.ActiveCfg = AppStore|iPhone
		{F7264AA2-EE0A-446E-8555-529BBC83572E}.AppStore|x86.ActiveCfg = AppStore|iPhone
		{F7264AA2-EE0A-446E-8555-529BBC83572E}.Debug|Any CPU.ActiveCfg = Debug|iPhone
		{F7264AA2-EE0A-446E-8555-529BBC83572E}.Debug|ARM.ActiveCfg = Debug|iPhone
		{F7264AA2-EE0A-446E-8555-529BBC83572E}.Debug|iPhone.ActiveCfg = Debug|iPhone
		{F7264AA2-EE0A-446E-8555-529BBC83572E}.Debug|iPhone.Build.0 = Debug|iPhone
		{F7264AA2-EE0A-446E-8555-529BBC83572E}.Debug|iPhoneSimulator.ActiveCfg = Debug|iPhoneSimulator
		{F7264AA2-EE0A-446E-8555-529BBC83572E}.Debug|iPhoneSimulator.Build.0 = Debug|iPhoneSimulator
		{F7264AA2-EE0A-446E-8555-529BBC83572E}.Debug|x64.ActiveCfg = Debug|iPhone
		{F7264AA2-EE0A-446E-8555-529BBC83572E}.Debug|x86.ActiveCfg = Debug|iPhone
		{F7264AA2-EE0A-446E-8555-529BBC83572E}.Release|Any CPU.ActiveCfg = Release|iPhone
		{F7264AA2-EE0A-446E-8555-529BBC83572E}.Release|ARM.ActiveCfg = Release|iPhone
		{F7264AA2-EE0A-446E-8555-529BBC83572E}.Release|iPhone.ActiveCfg = Release|iPhone
		{F7264AA2-EE0A-446E-8555-529BBC83572E}.Release|iPhone.Build.0 = Release|iPhone
		{F7264AA2-EE0A-446E-8555-529BBC83572E}.Release|iPhoneSimulator.ActiveCfg = Release|iPhoneSimulator
		{F7264AA2-EE0A-446E-8555-529BBC83572E}.Release|iPhoneSimulator.Build.0 = Release|iPhoneSimulator
		{F7264AA2-EE0A-446E-8555-529BBC83572E}.Release|x64.ActiveCfg = Release|iPhone
		{F7264AA2-EE0A-446E-8555-529BBC83572E}.Release|x86.ActiveCfg = Release|iPhone
		{16B3FBCE-6C9E-47A2-B2CD-020BFC83DA53}.Ad-Hoc|Any CPU.ActiveCfg = Debug|Any CPU
		{16B3FBCE-6C9E-47A2-B2CD-020BFC83DA53}.Ad-Hoc|Any CPU.Build.0 = Debug|Any CPU
		{16B3FBCE-6C9E-47A2-B2CD-020BFC83DA53}.Ad-Hoc|ARM.ActiveCfg = Debug|Any CPU
		{16B3FBCE-6C9E-47A2-B2CD-020BFC83DA53}.Ad-Hoc|ARM.Build.0 = Debug|Any CPU
		{16B3FBCE-6C9E-47A2-B2CD-020BFC83DA53}.Ad-Hoc|iPhone.ActiveCfg = Debug|Any CPU
		{16B3FBCE-6C9E-47A2-B2CD-020BFC83DA53}.Ad-Hoc|iPhone.Build.0 = Debug|Any CPU
		{16B3FBCE-6C9E-47A2-B2CD-020BFC83DA53}.Ad-Hoc|iPhoneSimulator.ActiveCfg = Debug|Any CPU
		{16B3FBCE-6C9E-47A2-B2CD-020BFC83DA53}.Ad-Hoc|iPhoneSimulator.Build.0 = Debug|Any CPU
		{16B3FBCE-6C9E-47A2-B2CD-020BFC83DA53}.Ad-Hoc|x64.ActiveCfg = Debug|Any CPU
		{16B3FBCE-6C9E-47A2-B2CD-020BFC83DA53}.Ad-Hoc|x64.Build.0 = Debug|Any CPU
		{16B3FBCE-6C9E-47A2-B2CD-020BFC83DA53}.Ad-Hoc|x86.ActiveCfg = Debug|Any CPU
		{16B3FBCE-6C9E-47A2-B2CD-020BFC83DA53}.Ad-Hoc|x86.Build.0 = Debug|Any CPU
		{16B3FBCE-6C9E-47A2-B2CD-020BFC83DA53}.AppStore|Any CPU.ActiveCfg = Debug|Any CPU
		{16B3FBCE-6C9E-47A2-B2CD-020BFC83DA53}.AppStore|Any CPU.Build.0 = Debug|Any CPU
		{16B3FBCE-6C9E-47A2-B2CD-020BFC83DA53}.AppStore|ARM.ActiveCfg = Debug|Any CPU
		{16B3FBCE-6C9E-47A2-B2CD-020BFC83DA53}.AppStore|ARM.Build.0 = Debug|Any CPU
		{16B3FBCE-6C9E-47A2-B2CD-020BFC83DA53}.AppStore|iPhone.ActiveCfg = Debug|Any CPU
		{16B3FBCE-6C9E-47A2-B2CD-020BFC83DA53}.AppStore|iPhone.Build.0 = Debug|Any CPU
		{16B3FBCE-6C9E-47A2-B2CD-020BFC83DA53}.AppStore|iPhoneSimulator.ActiveCfg = Debug|Any CPU
		{16B3FBCE-6C9E-47A2-B2CD-020BFC83DA53}.AppStore|iPhoneSimulator.Build.0 = Debug|Any CPU
		{16B3FBCE-6C9E-47A2-B2CD-020BFC83DA53}.AppStore|x64.ActiveCfg = Debug|Any CPU
		{16B3FBCE-6C9E-47A2-B2CD-020BFC83DA53}.AppStore|x64.Build.0 = Debug|Any CPU
		{16B3FBCE-6C9E-47A2-B2CD-020BFC83DA53}.AppStore|x86.ActiveCfg = Debug|Any CPU
		{16B3FBCE-6C9E-47A2-B2CD-020BFC83DA53}.AppStore|x86.Build.0 = Debug|Any CPU
		{16B3FBCE-6C9E-47A2-B2CD-020BFC83DA53}.Debug|Any CPU.ActiveCfg = Debug|Any CPU
		{16B3FBCE-6C9E-47A2-B2CD-020BFC83DA53}.Debug|Any CPU.Build.0 = Debug|Any CPU
		{16B3FBCE-6C9E-47A2-B2CD-020BFC83DA53}.Debug|ARM.ActiveCfg = Debug|Any CPU
		{16B3FBCE-6C9E-47A2-B2CD-020BFC83DA53}.Debug|ARM.Build.0 = Debug|Any CPU
		{16B3FBCE-6C9E-47A2-B2CD-020BFC83DA53}.Debug|iPhone.ActiveCfg = Debug|Any CPU
		{16B3FBCE-6C9E-47A2-B2CD-020BFC83DA53}.Debug|iPhone.Build.0 = Debug|Any CPU
		{16B3FBCE-6C9E-47A2-B2CD-020BFC83DA53}.Debug|iPhoneSimulator.ActiveCfg = Debug|Any CPU
		{16B3FBCE-6C9E-47A2-B2CD-020BFC83DA53}.Debug|iPhoneSimulator.Build.0 = Debug|Any CPU
		{16B3FBCE-6C9E-47A2-B2CD-020BFC83DA53}.Debug|x64.ActiveCfg = Debug|Any CPU
		{16B3FBCE-6C9E-47A2-B2CD-020BFC83DA53}.Debug|x64.Build.0 = Debug|Any CPU
		{16B3FBCE-6C9E-47A2-B2CD-020BFC83DA53}.Debug|x86.ActiveCfg = Debug|Any CPU
		{16B3FBCE-6C9E-47A2-B2CD-020BFC83DA53}.Debug|x86.Build.0 = Debug|Any CPU
		{16B3FBCE-6C9E-47A2-B2CD-020BFC83DA53}.Release|Any CPU.ActiveCfg = Release|Any CPU
		{16B3FBCE-6C9E-47A2-B2CD-020BFC83DA53}.Release|Any CPU.Build.0 = Release|Any CPU
		{16B3FBCE-6C9E-47A2-B2CD-020BFC83DA53}.Release|ARM.ActiveCfg = Release|Any CPU
		{16B3FBCE-6C9E-47A2-B2CD-020BFC83DA53}.Release|ARM.Build.0 = Release|Any CPU
		{16B3FBCE-6C9E-47A2-B2CD-020BFC83DA53}.Release|iPhone.ActiveCfg = Release|Any CPU
		{16B3FBCE-6C9E-47A2-B2CD-020BFC83DA53}.Release|iPhone.Build.0 = Release|Any CPU
		{16B3FBCE-6C9E-47A2-B2CD-020BFC83DA53}.Release|iPhoneSimulator.ActiveCfg = Release|Any CPU
		{16B3FBCE-6C9E-47A2-B2CD-020BFC83DA53}.Release|iPhoneSimulator.Build.0 = Release|Any CPU
		{16B3FBCE-6C9E-47A2-B2CD-020BFC83DA53}.Release|x64.ActiveCfg = Release|Any CPU
		{16B3FBCE-6C9E-47A2-B2CD-020BFC83DA53}.Release|x64.Build.0 = Release|Any CPU
		{16B3FBCE-6C9E-47A2-B2CD-020BFC83DA53}.Release|x86.ActiveCfg = Release|Any CPU
		{16B3FBCE-6C9E-47A2-B2CD-020BFC83DA53}.Release|x86.Build.0 = Release|Any CPU
	EndGlobalSection
	GlobalSection(SolutionProperties) = preSolution
		HideSolutionNode = FALSE
	EndGlobalSection
	GlobalSection(NestedProjects) = preSolution
		{086C0637-9B58-4525-BEF8-F98ED853CDB9} = {85244E42-729E-47B2-8389-77DE853534C9}
		{F7264AA2-EE0A-446E-8555-529BBC83572E} = {85244E42-729E-47B2-8389-77DE853534C9}
		{16B3FBCE-6C9E-47A2-B2CD-020BFC83DA53} = {85244E42-729E-47B2-8389-77DE853534C9}
	EndGlobalSection
	GlobalSection(ExtensibilityGlobals) = postSolution
		SolutionGuid = {EE393BC0-1169-41D5-ABBC-716A79C04D73}
	EndGlobalSection
EndGlobal
